# This file is automatically @generated by Cargo.
# It is not intended for manual editing.
version = 3

[[package]]
name = "poc-bin"
version = "0.1.0"
dependencies = [
 "workspace-hack",
]

[[package]]
name = "poc-gen"
version = "0.1.0"
dependencies = [
 "workspace-hack",
]

[[package]]
name = "poc-lib"
version = "0.1.0"
dependencies = [
 "workspace-hack",
]

[[package]]
name = "workspace-hack"
version = "0.1.0"
